
Microsoft Visual Studio Solution File, Format Version 12.00
# Visual Studio Version 16
VisualStudioVersion = 16.0.28803.202
MinimumVisualStudioVersion = 10.0.40219.1
Project("{FAE04EC0-301F-11D3-BF4B-00C04F79EFBC}") = "ConsoleApp1", "ConsoleApp1\ConsoleApp1.csproj", "{64CC05FA-768F-4BBD-AB57-EBC198C321E3}"
EndProject
Global
	GlobalSection(SolutionConfigurationPlatforms) = preSolution
		Debug|Any CPU = Debug|Any CPU
		Release|Any CPU = Release|Any CPU
	EndGlobalSection
	GlobalSection(ProjectConfigurationPlatforms) = postSolution
		{64CC05FA-768F-4BBD-AB57-EBC198C321E3}.Debug|Any CPU.ActiveCfg = Debug|Any CPU
		{64CC05FA-768F-4BBD-AB57-EBC198C321E3}.Debug|Any CPU.Build.0 = Debug|Any CPU
		{64CC05FA-768F-4BBD-AB57-EBC198C321E3}.Release|Any CPU.ActiveCfg = Release|Any CPU
		{64CC05FA-768F-4BBD-AB57-EBC198C321E3}.Release|Any CPU.Build.0 = Release|Any CPU
	EndGlobalSection
	GlobalSection(SolutionProperties) = preSolution
		HideSolutionNode = FALSE
	EndGlobalSection
	GlobalSection(ExtensibilityGlobals) = postSolution
		SolutionGuid = {F02BE166-B189-4544-91CD-778F7CDC21D4}
	EndGlobalSection
EndGlobal
