
Microsoft Visual Studio Solution File, Format Version 12.00
# Visual Studio 15
VisualStudioVersion = 15.0.28307.572
MinimumVisualStudioVersion = 10.0.40219.1
Project("{FAE04EC0-301F-11D3-BF4B-00C04F79EFBC}") = "Frequency", "Frequency\Frequency.csproj", "{CF592F09-7CAD-48FF-8CB5-7EC52548AA4E}"
EndProject
Global
	GlobalSection(SolutionConfigurationPlatforms) = preSolution
		Debug|Any CPU = Debug|Any CPU
		Release|Any CPU = Release|Any CPU
	EndGlobalSection
	GlobalSection(ProjectConfigurationPlatforms) = postSolution
		{CF592F09-7CAD-48FF-8CB5-7EC52548AA4E}.Debug|Any CPU.ActiveCfg = Debug|Any CPU
		{CF592F09-7CAD-48FF-8CB5-7EC52548AA4E}.Debug|Any CPU.Build.0 = Debug|Any CPU
		{CF592F09-7CAD-48FF-8CB5-7EC52548AA4E}.Release|Any CPU.ActiveCfg = Release|Any CPU
		{CF592F09-7CAD-48FF-8CB5-7EC52548AA4E}.Release|Any CPU.Build.0 = Release|Any CPU
	EndGlobalSection
	GlobalSection(SolutionProperties) = preSolution
		HideSolutionNode = FALSE
	EndGlobalSection
	GlobalSection(ExtensibilityGlobals) = postSolution
		SolutionGuid = {6740ACF0-0D40-4E14-A2A5-39E599F5DAF4}
	EndGlobalSection
EndGlobal
