
Microsoft Visual Studio Solution File, Format Version 12.00
# Visual Studio Version 17
VisualStudioVersion = 17.0.32112.339
MinimumVisualStudioVersion = 10.0.40219.1
Project("{FAE04EC0-301F-11D3-BF4B-00C04F79EFBC}") = "EdabitExercise", "EdabitExercise\EdabitExercise.csproj", "{66F47733-C3DC-413B-B5BC-413DC886A27A}"
EndProject
Global
	GlobalSection(SolutionConfigurationPlatforms) = preSolution
		Debug|Any CPU = Debug|Any CPU
		Release|Any CPU = Release|Any CPU
	EndGlobalSection
	GlobalSection(ProjectConfigurationPlatforms) = postSolution
		{66F47733-C3DC-413B-B5BC-413DC886A27A}.Debug|Any CPU.ActiveCfg = Debug|Any CPU
		{66F47733-C3DC-413B-B5BC-413DC886A27A}.Debug|Any CPU.Build.0 = Debug|Any CPU
		{66F47733-C3DC-413B-B5BC-413DC886A27A}.Release|Any CPU.ActiveCfg = Release|Any CPU
		{66F47733-C3DC-413B-B5BC-413DC886A27A}.Release|Any CPU.Build.0 = Release|Any CPU
	EndGlobalSection
	GlobalSection(SolutionProperties) = preSolution
		HideSolutionNode = FALSE
	EndGlobalSection
	GlobalSection(ExtensibilityGlobals) = postSolution
		SolutionGuid = {76155B79-57B2-4AA8-A809-A4E2A62046BF}
	EndGlobalSection
EndGlobal
